
Microsoft Visual Studio Solution File, Format Version 12.00
# Visual Studio Version 17
VisualStudioVersion = 17.0.31903.59
MinimumVisualStudioVersion = 10.0.40219.1
Project("{2150E333-8FDC-42A3-9474-1A3956D46DE8}") = "src", "src", "{6F81FDA5-1AB6-42FE-9F5B-2872B42AD1EE}"
EndProject
Project("{FAE04EC0-301F-11D3-BF4B-00C04F79EFBC}") = "rpgAPI", "src\rpgAPI\rpgAPI.csproj", "{B4A3428D-CF52-4E24-A02A-5E0E39298E8F}"
EndProject
Project("{2150E333-8FDC-42A3-9474-1A3956D46DE8}") = "tests", "tests", "{AD954FEC-D4AE-4DDA-9382-393F013E94FC}"
EndProject
Project("{FAE04EC0-301F-11D3-BF4B-00C04F79EFBC}") = "rpdAPITest", "tests\rpdAPITest\rpdAPITest.csproj", "{6E5FC3C1-5865-46D4-884C-D98B0DFF2F56}"
EndProject
Global
	GlobalSection(SolutionConfigurationPlatforms) = preSolution
		Debug|Any CPU = Debug|Any CPU
		Release|Any CPU = Release|Any CPU
	EndGlobalSection
	GlobalSection(SolutionProperties) = preSolution
		HideSolutionNode = FALSE
	EndGlobalSection
	GlobalSection(ProjectConfigurationPlatforms) = postSolution
		{B4A3428D-CF52-4E24-A02A-5E0E39298E8F}.Debug|Any CPU.ActiveCfg = Debug|Any CPU
		{B4A3428D-CF52-4E24-A02A-5E0E39298E8F}.Debug|Any CPU.Build.0 = Debug|Any CPU
		{B4A3428D-CF52-4E24-A02A-5E0E39298E8F}.Release|Any CPU.ActiveCfg = Release|Any CPU
		{B4A3428D-CF52-4E24-A02A-5E0E39298E8F}.Release|Any CPU.Build.0 = Release|Any CPU
		{6E5FC3C1-5865-46D4-884C-D98B0DFF2F56}.Debug|Any CPU.ActiveCfg = Debug|Any CPU
		{6E5FC3C1-5865-46D4-884C-D98B0DFF2F56}.Debug|Any CPU.Build.0 = Debug|Any CPU
		{6E5FC3C1-5865-46D4-884C-D98B0DFF2F56}.Release|Any CPU.ActiveCfg = Release|Any CPU
		{6E5FC3C1-5865-46D4-884C-D98B0DFF2F56}.Release|Any CPU.Build.0 = Release|Any CPU
	EndGlobalSection
	GlobalSection(NestedProjects) = preSolution
		{B4A3428D-CF52-4E24-A02A-5E0E39298E8F} = {6F81FDA5-1AB6-42FE-9F5B-2872B42AD1EE}
		{6E5FC3C1-5865-46D4-884C-D98B0DFF2F56} = {AD954FEC-D4AE-4DDA-9382-393F013E94FC}
	EndGlobalSection
EndGlobal
